
Microsoft Visual Studio Solution File, Format Version 12.00
# Visual Studio Version 17
VisualStudioVersion = 17.5.33424.131
MinimumVisualStudioVersion = 10.0.40219.1
Project("{FAE04EC0-301F-11D3-BF4B-00C04F79EFBC}") = "Test_project_lessen", "Test_project_lessen\Test_project_lessen.csproj", "{91E069FD-B804-44BC-9894-49DCC4B24928}"
EndProject
Global
	GlobalSection(SolutionConfigurationPlatforms) = preSolution
		Debug|Any CPU = Debug|Any CPU
		Release|Any CPU = Release|Any CPU
	EndGlobalSection
	GlobalSection(ProjectConfigurationPlatforms) = postSolution
		{91E069FD-B804-44BC-9894-49DCC4B24928}.Debug|Any CPU.ActiveCfg = Debug|Any CPU
		{91E069FD-B804-44BC-9894-49DCC4B24928}.Debug|Any CPU.Build.0 = Debug|Any CPU
		{91E069FD-B804-44BC-9894-49DCC4B24928}.Release|Any CPU.ActiveCfg = Release|Any CPU
		{91E069FD-B804-44BC-9894-49DCC4B24928}.Release|Any CPU.Build.0 = Release|Any CPU
	EndGlobalSection
	GlobalSection(SolutionProperties) = preSolution
		HideSolutionNode = FALSE
	EndGlobalSection
	GlobalSection(ExtensibilityGlobals) = postSolution
		SolutionGuid = {2FCA0A9D-8503-406C-B0E4-99A32EE4ADF8}
	EndGlobalSection
EndGlobal
